
Microsoft Visual Studio Solution File, Format Version 12.00
# Visual Studio 15
VisualStudioVersion = 15.0.27004.2010
MinimumVisualStudioVersion = 10.0.40219.1
Project("{FAE04EC0-301F-11D3-BF4B-00C04F79EFBC}") = "Constructors", "Constructors\Constructors.csproj", "{F5FD8389-9797-492D-B1CE-6187035CB0EE}"
EndProject
Global
	GlobalSection(SolutionConfigurationPlatforms) = preSolution
		Debug|Any CPU = Debug|Any CPU
		Release|Any CPU = Release|Any CPU
	EndGlobalSection
	GlobalSection(ProjectConfigurationPlatforms) = postSolution
		{F5FD8389-9797-492D-B1CE-6187035CB0EE}.Debug|Any CPU.ActiveCfg = Debug|Any CPU
		{F5FD8389-9797-492D-B1CE-6187035CB0EE}.Debug|Any CPU.Build.0 = Debug|Any CPU
		{F5FD8389-9797-492D-B1CE-6187035CB0EE}.Release|Any CPU.ActiveCfg = Release|Any CPU
		{F5FD8389-9797-492D-B1CE-6187035CB0EE}.Release|Any CPU.Build.0 = Release|Any CPU
	EndGlobalSection
	GlobalSection(SolutionProperties) = preSolution
		HideSolutionNode = FALSE
	EndGlobalSection
	GlobalSection(ExtensibilityGlobals) = postSolution
		SolutionGuid = {56D4813E-E5A7-473C-B09E-AE925216E2C5}
	EndGlobalSection
EndGlobal
